
Microsoft Visual Studio Solution File, Format Version 12.00
# Visual Studio 2012
Project("{FAE04EC0-301F-11D3-BF4B-00C04F79EFBC}") = "CSF.Extensions.WebDriver", "CSF.Extensions.WebDriver\CSF.Extensions.WebDriver.csproj", "{95B8B085-52E4-4EC2-8408-5FC92EB1CC02}"
EndProject
Project("{FAE04EC0-301F-11D3-BF4B-00C04F79EFBC}") = "CSF.Extensions.WebDriver.Tests", "CSF.Extensions.WebDriver.Tests\CSF.Extensions.WebDriver.Tests.csproj", "{0D470EFB-462C-4251-8C63-52A7BBC0DF50}"
EndProject
Global
	GlobalSection(SolutionConfigurationPlatforms) = preSolution
		Debug|Any CPU = Debug|Any CPU
		Release|Any CPU = Release|Any CPU
	EndGlobalSection
	GlobalSection(ProjectConfigurationPlatforms) = postSolution
		{95B8B085-52E4-4EC2-8408-5FC92EB1CC02}.Debug|Any CPU.ActiveCfg = Debug|Any CPU
		{95B8B085-52E4-4EC2-8408-5FC92EB1CC02}.Debug|Any CPU.Build.0 = Debug|Any CPU
		{95B8B085-52E4-4EC2-8408-5FC92EB1CC02}.Release|Any CPU.ActiveCfg = Release|Any CPU
		{95B8B085-52E4-4EC2-8408-5FC92EB1CC02}.Release|Any CPU.Build.0 = Release|Any CPU
		{0D470EFB-462C-4251-8C63-52A7BBC0DF50}.Debug|Any CPU.ActiveCfg = Debug|Any CPU
		{0D470EFB-462C-4251-8C63-52A7BBC0DF50}.Debug|Any CPU.Build.0 = Debug|Any CPU
		{0D470EFB-462C-4251-8C63-52A7BBC0DF50}.Release|Any CPU.ActiveCfg = Release|Any CPU
		{0D470EFB-462C-4251-8C63-52A7BBC0DF50}.Release|Any CPU.Build.0 = Release|Any CPU
	EndGlobalSection
	GlobalSection(NestedProjects) = preSolution
	EndGlobalSection
EndGlobal
